
Microsoft Visual Studio Solution File, Format Version 12.00
# Visual Studio Version 17
VisualStudioVersion = 17.9.34902.65
MinimumVisualStudioVersion = 10.0.40219.1
Project("{FAE04EC0-301F-11D3-BF4B-00C04F79EFBC}") = "CompanyShamim", "CompanyShamim\CompanyShamim.csproj", "{B53157D2-1F62-4C5F-BAA7-B7B28AEA8F85}"
EndProject
Global
	GlobalSection(SolutionConfigurationPlatforms) = preSolution
		Debug|Any CPU = Debug|Any CPU
		Release|Any CPU = Release|Any CPU
	EndGlobalSection
	GlobalSection(ProjectConfigurationPlatforms) = postSolution
		{B53157D2-1F62-4C5F-BAA7-B7B28AEA8F85}.Debug|Any CPU.ActiveCfg = Debug|Any CPU
		{B53157D2-1F62-4C5F-BAA7-B7B28AEA8F85}.Debug|Any CPU.Build.0 = Debug|Any CPU
		{B53157D2-1F62-4C5F-BAA7-B7B28AEA8F85}.Release|Any CPU.ActiveCfg = Release|Any CPU
		{B53157D2-1F62-4C5F-BAA7-B7B28AEA8F85}.Release|Any CPU.Build.0 = Release|Any CPU
	EndGlobalSection
	GlobalSection(SolutionProperties) = preSolution
		HideSolutionNode = FALSE
	EndGlobalSection
	GlobalSection(ExtensibilityGlobals) = postSolution
		SolutionGuid = {91A3D8BE-B016-4D5D-9828-EC770EEDF0CB}
	EndGlobalSection
EndGlobal
